
Microsoft Visual Studio Solution File, Format Version 12.00
# Visual Studio Version 17
VisualStudioVersion = 17.13.35931.197
MinimumVisualStudioVersion = 10.0.40219.1
Project("{F2A71F9B-5D33-465A-A702-920D77279786}") = "Ecos.Web", "Ecos.Web\Ecos.Web.fsproj", "{ED3DC681-648B-4CCE-A863-8BB956BBA6D6}"
EndProject
Project("{F2A71F9B-5D33-465A-A702-920D77279786}") = "Ecos.Engine", "Ecos.Engine\Ecos.Engine.fsproj", "{8769AE95-2EF6-4B95-B6E2-FF9524D8C9A8}"
EndProject
Project("{F2A71F9B-5D33-465A-A702-920D77279786}") = "Ecos.Desktop", "Ecos.Desktop\Ecos.Desktop.fsproj", "{07AC4FA5-8AF5-4367-90A7-6B9E048B11EC}"
EndProject
Project("{2150E333-8FDC-42A3-9474-1A3956D46DE8}") = "Solution Items", "Solution Items", "{8EC462FD-D22E-90A8-E5CE-7E832BA40C5D}"
	ProjectSection(SolutionItems) = preProject
		README.md = README.md
	EndProjectSection
EndProject
Global
	GlobalSection(SolutionConfigurationPlatforms) = preSolution
		Debug|Any CPU = Debug|Any CPU
		Release|Any CPU = Release|Any CPU
	EndGlobalSection
	GlobalSection(ProjectConfigurationPlatforms) = postSolution
		{ED3DC681-648B-4CCE-A863-8BB956BBA6D6}.Debug|Any CPU.ActiveCfg = Debug|Any CPU
		{ED3DC681-648B-4CCE-A863-8BB956BBA6D6}.Debug|Any CPU.Build.0 = Debug|Any CPU
		{ED3DC681-648B-4CCE-A863-8BB956BBA6D6}.Release|Any CPU.ActiveCfg = Release|Any CPU
		{ED3DC681-648B-4CCE-A863-8BB956BBA6D6}.Release|Any CPU.Build.0 = Release|Any CPU
		{8769AE95-2EF6-4B95-B6E2-FF9524D8C9A8}.Debug|Any CPU.ActiveCfg = Debug|Any CPU
		{8769AE95-2EF6-4B95-B6E2-FF9524D8C9A8}.Debug|Any CPU.Build.0 = Debug|Any CPU
		{8769AE95-2EF6-4B95-B6E2-FF9524D8C9A8}.Release|Any CPU.ActiveCfg = Release|Any CPU
		{8769AE95-2EF6-4B95-B6E2-FF9524D8C9A8}.Release|Any CPU.Build.0 = Release|Any CPU
		{07AC4FA5-8AF5-4367-90A7-6B9E048B11EC}.Debug|Any CPU.ActiveCfg = Debug|Any CPU
		{07AC4FA5-8AF5-4367-90A7-6B9E048B11EC}.Debug|Any CPU.Build.0 = Debug|Any CPU
		{07AC4FA5-8AF5-4367-90A7-6B9E048B11EC}.Release|Any CPU.ActiveCfg = Release|Any CPU
		{07AC4FA5-8AF5-4367-90A7-6B9E048B11EC}.Release|Any CPU.Build.0 = Release|Any CPU
	EndGlobalSection
	GlobalSection(SolutionProperties) = preSolution
		HideSolutionNode = FALSE
	EndGlobalSection
	GlobalSection(ExtensibilityGlobals) = postSolution
		SolutionGuid = {A60C96BF-B8F8-4D35-AF4A-55B7641B7C6C}
	EndGlobalSection
EndGlobal
